// !$*UTF8*$!
{
	archiveVersion = 1;
	classes = {
	};
	objectVersion = 46;
	objects = {

/* Begin PBXBuildFile section */
		3F8F14A61AF202180082D643 /* main.m in Sources */ = {isa = PBXBuildFile; fileRef = 3F8F14A51AF202180082D643 /* main.m */; };
		3F8F14A91AF202180082D643 /* AppDelegate.m in Sources */ = {isa = PBXBuildFile; fileRef = 3F8F14A81AF202180082D643 /* AppDelegate.m */; };
		3F8F14AF1AF202180082D643 /* Main.storyboard in Resources */ = {isa = PBXBuildFile; fileRef = 3F8F14AD1AF202180082D643 /* Main.storyboard */; };
		3F8F14B11AF202180082D643 /* Images.xcassets in Resources */ = {isa = PBXBuildFile; fileRef = 3F8F14B01AF202180082D643 /* Images.xcassets */; };
		3F8F14B41AF202180082D643 /* LaunchScreen.xib in Resources */ = {isa = PBXBuildFile; fileRef = 3F8F14B21AF202180082D643 /* LaunchScreen.xib */; };
		3F8F14C01AF202180082D643 /* _____0430Tests.m in Sources */ = {isa = PBXBuildFile; fileRef = 3F8F14BF1AF202180082D643 /* _____0430Tests.m */; };
		3F8F14CB1AF202D00082D643 /* HBloginViewController.m in Sources */ = {isa = PBXBuildFile; fileRef = 3F8F14CA1AF202D00082D643 /* HBloginViewController.m */; };
		3F8F14CF1AF203280082D643 /* HBContactsTableViewController.m in Sources */ = {isa = PBXBuildFile; fileRef = 3F8F14CE1AF203280082D643 /* HBContactsTableViewController.m */; };
		3F8F14D21AF203B30082D643 /* HBEditViewController.m in Sources */ = {isa = PBXBuildFile; fileRef = 3F8F14D11AF203B30082D643 /* HBEditViewController.m */; };
		3F8F14D51AF203DA0082D643 /* HBAddViewController.m in Sources */ = {isa = PBXBuildFile; fileRef = 3F8F14D41AF203DA0082D643 /* HBAddViewController.m */; };
		3F8F14DF1AF25B2D0082D643 /* MBProgressHUD.bundle in Resources */ = {isa = PBXBuildFile; fileRef = 3F8F14DA1AF25B2D0082D643 /* MBProgressHUD.bundle */; };
		3F8F14E01AF25B2D0082D643 /* MBProgressHUD.m in Sources */ = {isa = PBXBuildFile; fileRef = 3F8F14DC1AF25B2D0082D643 /* MBProgressHUD.m */; };
		3F8F14E11AF25B2D0082D643 /* MBProgressHUD+MJ.m in Sources */ = {isa = PBXBuildFile; fileRef = 3F8F14DE1AF25B2D0082D643 /* MBProgressHUD+MJ.m */; };
		3F8F14E41AF25B620082D643 /* MBProgressHUD in Resources */ = {isa = PBXBuildFile; fileRef = 3F8F14E31AF25B620082D643 /* MBProgressHUD */; };
		3FB23A4A1AF3183A00B62613 /* HBContact.m in Sources */ = {isa = PBXBuildFile; fileRef = 3FB23A491AF3183A00B62613 /* HBContact.m */; };
		3FB23A4F1AF3A1CA00B62613 /* HBContactCell.m in Sources */ = {isa = PBXBuildFile; fileRef = 3FB23A4E1AF3A1CA00B62613 /* HBContactCell.m */; };
/* End PBXBuildFile section */

/* Begin PBXContainerItemProxy section */
		3F8F14BA1AF202180082D643 /* PBXContainerItemProxy */ = {
			isa = PBXContainerItemProxy;
			containerPortal = 3F8F14981AF202180082D643 /* Project object */;
			proxyType = 1;
			remoteGlobalIDString = 3F8F149F1AF202180082D643;
			remoteInfo = "私人通讯录0430";
		};
/* End PBXContainerItemProxy section */

/* Begin PBXFileReference section */
		3F895CC71AF88F5D00550AD4 /* zh-Hans */ = {isa = PBXFileReference; lastKnownFileType = text.plist.strings; name = "zh-Hans"; path = "zh-Hans.lproj/Main.strings"; sourceTree = "<group>"; };
		3F895CC81AF88F5D00550AD4 /* zh-Hans */ = {isa = PBXFileReference; lastKnownFileType = text.plist.strings; name = "zh-Hans"; path = "zh-Hans.lproj/LaunchScreen.strings"; sourceTree = "<group>"; };
		3F8F14A01AF202180082D643 /* 私人通讯录0430.app */ = {isa = PBXFileReference; explicitFileType = wrapper.application; includeInIndex = 0; path = "私人通讯录0430.app"; sourceTree = BUILT_PRODUCTS_DIR; };
		3F8F14A41AF202180082D643 /* Info.plist */ = {isa = PBXFileReference; lastKnownFileType = text.plist.xml; path = Info.plist; sourceTree = "<group>"; };
		3F8F14A51AF202180082D643 /* main.m */ = {isa = PBXFileReference; lastKnownFileType = sourcecode.c.objc; path = main.m; sourceTree = "<group>"; };
		3F8F14A71AF202180082D643 /* AppDelegate.h */ = {isa = PBXFileReference; lastKnownFileType = sourcecode.c.h; path = AppDelegate.h; sourceTree = "<group>"; };
		3F8F14A81AF202180082D643 /* AppDelegate.m */ = {isa = PBXFileReference; lastKnownFileType = sourcecode.c.objc; path = AppDelegate.m; sourceTree = "<group>"; };
		3F8F14AE1AF202180082D643 /* Base */ = {isa = PBXFileReference; lastKnownFileType = file.storyboard; name = Base; path = Base.lproj/Main.storyboard; sourceTree = "<group>"; };
		3F8F14B01AF202180082D643 /* Images.xcassets */ = {isa = PBXFileReference; lastKnownFileType = folder.assetcatalog; path = Images.xcassets; sourceTree = "<group>"; };
		3F8F14B31AF202180082D643 /* Base */ = {isa = PBXFileReference; lastKnownFileType = file.xib; name = Base; path = Base.lproj/LaunchScreen.xib; sourceTree = "<group>"; };
		3F8F14B91AF202180082D643 /* 私人通讯录0430Tests.xctest */ = {isa = PBXFileReference; explicitFileType = wrapper.cfbundle; includeInIndex = 0; path = "私人通讯录0430Tests.xctest"; sourceTree = BUILT_PRODUCTS_DIR; };
		3F8F14BE1AF202180082D643 /* Info.plist */ = {isa = PBXFileReference; lastKnownFileType = text.plist.xml; path = Info.plist; sourceTree = "<group>"; };
		3F8F14BF1AF202180082D643 /* _____0430Tests.m */ = {isa = PBXFileReference; lastKnownFileType = sourcecode.c.objc; path = "_____0430Tests.m"; sourceTree = "<group>"; };
		3F8F14C91AF202D00082D643 /* HBloginViewController.h */ = {isa = PBXFileReference; fileEncoding = 4; lastKnownFileType = sourcecode.c.h; path = HBloginViewController.h; sourceTree = "<group>"; };
		3F8F14CA1AF202D00082D643 /* HBloginViewController.m */ = {isa = PBXFileReference; fileEncoding = 4; lastKnownFileType = sourcecode.c.objc; path = HBloginViewController.m; sourceTree = "<group>"; };
		3F8F14CD1AF203280082D643 /* HBContactsTableViewController.h */ = {isa = PBXFileReference; fileEncoding = 4; lastKnownFileType = sourcecode.c.h; path = HBContactsTableViewController.h; sourceTree = "<group>"; };
		3F8F14CE1AF203280082D643 /* HBContactsTableViewController.m */ = {isa = PBXFileReference; fileEncoding = 4; lastKnownFileType = sourcecode.c.objc; path = HBContactsTableViewController.m; sourceTree = "<group>"; };
		3F8F14D01AF203B30082D643 /* HBEditViewController.h */ = {isa = PBXFileReference; fileEncoding = 4; lastKnownFileType = sourcecode.c.h; path = HBEditViewController.h; sourceTree = "<group>"; };
		3F8F14D11AF203B30082D643 /* HBEditViewController.m */ = {isa = PBXFileReference; fileEncoding = 4; lastKnownFileType = sourcecode.c.objc; path = HBEditViewController.m; sourceTree = "<group>"; };
		3F8F14D31AF203DA0082D643 /* HBAddViewController.h */ = {isa = PBXFileReference; fileEncoding = 4; lastKnownFileType = sourcecode.c.h; path = HBAddViewController.h; sourceTree = "<group>"; };
		3F8F14D41AF203DA0082D643 /* HBAddViewController.m */ = {isa = PBXFileReference; fileEncoding = 4; lastKnownFileType = sourcecode.c.objc; path = HBAddViewController.m; sourceTree = "<group>"; };
		3F8F14DA1AF25B2D0082D643 /* MBProgressHUD.bundle */ = {isa = PBXFileReference; lastKnownFileType = "wrapper.plug-in"; name = MBProgressHUD.bundle; path = MBProgressHUD/MBProgressHUD.bundle; sourceTree = "<group>"; };
		3F8F14DB1AF25B2D0082D643 /* MBProgressHUD.h */ = {isa = PBXFileReference; fileEncoding = 4; lastKnownFileType = sourcecode.c.h; name = MBProgressHUD.h; path = MBProgressHUD/MBProgressHUD.h; sourceTree = "<group>"; };
		3F8F14DC1AF25B2D0082D643 /* MBProgressHUD.m */ = {isa = PBXFileReference; fileEncoding = 4; lastKnownFileType = sourcecode.c.objc; name = MBProgressHUD.m; path = MBProgressHUD/MBProgressHUD.m; sourceTree = "<group>"; };
		3F8F14DD1AF25B2D0082D643 /* MBProgressHUD+MJ.h */ = {isa = PBXFileReference; fileEncoding = 4; lastKnownFileType = sourcecode.c.h; name = "MBProgressHUD+MJ.h"; path = "MBProgressHUD/MBProgressHUD+MJ.h"; sourceTree = "<group>"; };
		3F8F14DE1AF25B2D0082D643 /* MBProgressHUD+MJ.m */ = {isa = PBXFileReference; fileEncoding = 4; lastKnownFileType = sourcecode.c.objc; name = "MBProgressHUD+MJ.m"; path = "MBProgressHUD/MBProgressHUD+MJ.m"; sourceTree = "<group>"; };
		3F8F14E31AF25B620082D643 /* MBProgressHUD */ = {isa = PBXFileReference; lastKnownFileType = folder; path = MBProgressHUD; sourceTree = "<group>"; };
		3FB23A481AF3183A00B62613 /* HBContact.h */ = {isa = PBXFileReference; fileEncoding = 4; lastKnownFileType = sourcecode.c.h; path = HBContact.h; sourceTree = "<group>"; };
		3FB23A491AF3183A00B62613 /* HBContact.m */ = {isa = PBXFileReference; fileEncoding = 4; lastKnownFileType = sourcecode.c.objc; path = HBContact.m; sourceTree = "<group>"; };
		3FB23A4D1AF3A1CA00B62613 /* HBContactCell.h */ = {isa = PBXFileReference; fileEncoding = 4; lastKnownFileType = sourcecode.c.h; path = HBContactCell.h; sourceTree = "<group>"; };
		3FB23A4E1AF3A1CA00B62613 /* HBContactCell.m */ = {isa = PBXFileReference; fileEncoding = 4; lastKnownFileType = sourcecode.c.objc; path = HBContactCell.m; sourceTree = "<group>"; };
/* End PBXFileReference section */

/* Begin PBXFrameworksBuildPhase section */
		3F8F149D1AF202180082D643 /* Frameworks */ = {
			isa = PBXFrameworksBuildPhase;
			buildActionMask = 2147483647;
			files = (
			);
			runOnlyForDeploymentPostprocessing = 0;
		};
		3F8F14B61AF202180082D643 /* Frameworks */ = {
			isa = PBXFrameworksBuildPhase;
			buildActionMask = 2147483647;
			files = (
			);
			runOnlyForDeploymentPostprocessing = 0;
		};
/* End PBXFrameworksBuildPhase section */

/* Begin PBXGroup section */
		3F8F14971AF202180082D643 = {
			isa = PBXGroup;
			children = (
				3F8F14A21AF202180082D643 /* 私人通讯录0430 */,
				3F8F14BC1AF202180082D643 /* 私人通讯录0430Tests */,
				3F8F14A11AF202180082D643 /* Products */,
			);
			sourceTree = "<group>";
		};
		3F8F14A11AF202180082D643 /* Products */ = {
			isa = PBXGroup;
			children = (
				3F8F14A01AF202180082D643 /* 私人通讯录0430.app */,
				3F8F14B91AF202180082D643 /* 私人通讯录0430Tests.xctest */,
			);
			name = Products;
			sourceTree = "<group>";
		};
		3F8F14A21AF202180082D643 /* 私人通讯录0430 */ = {
			isa = PBXGroup;
			children = (
				3F8F14AD1AF202180082D643 /* Main.storyboard */,
				3FB23A4B1AF3184900B62613 /* Other */,
				3FB23A4C1AF3A1A100B62613 /* View */,
				3FB23A471AF3182000B62613 /* Model */,
				3F8F14CC1AF202E00082D643 /* controller */,
				3F8F14E21AF25B3D0082D643 /* MBProgressHUD */,
				3F8F14A31AF202180082D643 /* Supporting Files */,
			);
			path = "私人通讯录0430";
			sourceTree = "<group>";
		};
		3F8F14A31AF202180082D643 /* Supporting Files */ = {
			isa = PBXGroup;
			children = (
				3F8F14E31AF25B620082D643 /* MBProgressHUD */,
				3F8F14A41AF202180082D643 /* Info.plist */,
				3F8F14A51AF202180082D643 /* main.m */,
			);
			name = "Supporting Files";
			sourceTree = "<group>";
		};
		3F8F14BC1AF202180082D643 /* 私人通讯录0430Tests */ = {
			isa = PBXGroup;
			children = (
				3F8F14BF1AF202180082D643 /* _____0430Tests.m */,
				3F8F14BD1AF202180082D643 /* Supporting Files */,
			);
			path = "私人通讯录0430Tests";
			sourceTree = "<group>";
		};
		3F8F14BD1AF202180082D643 /* Supporting Files */ = {
			isa = PBXGroup;
			children = (
				3F8F14BE1AF202180082D643 /* Info.plist */,
			);
			name = "Supporting Files";
			sourceTree = "<group>";
		};
		3F8F14CC1AF202E00082D643 /* controller */ = {
			isa = PBXGroup;
			children = (
				3F8F14C91AF202D00082D643 /* HBloginViewController.h */,
				3F8F14CA1AF202D00082D643 /* HBloginViewController.m */,
				3F8F14CD1AF203280082D643 /* HBContactsTableViewController.h */,
				3F8F14CE1AF203280082D643 /* HBContactsTableViewController.m */,
				3F8F14D31AF203DA0082D643 /* HBAddViewController.h */,
				3F8F14D41AF203DA0082D643 /* HBAddViewController.m */,
				3F8F14D01AF203B30082D643 /* HBEditViewController.h */,
				3F8F14D11AF203B30082D643 /* HBEditViewController.m */,
			);
			name = controller;
			sourceTree = "<group>";
		};
		3F8F14E21AF25B3D0082D643 /* MBProgressHUD */ = {
			isa = PBXGroup;
			children = (
				3F8F14DA1AF25B2D0082D643 /* MBProgressHUD.bundle */,
				3F8F14DB1AF25B2D0082D643 /* MBProgressHUD.h */,
				3F8F14DC1AF25B2D0082D643 /* MBProgressHUD.m */,
				3F8F14DD1AF25B2D0082D643 /* MBProgressHUD+MJ.h */,
				3F8F14DE1AF25B2D0082D643 /* MBProgressHUD+MJ.m */,
			);
			name = MBProgressHUD;
			sourceTree = "<group>";
		};
		3FB23A471AF3182000B62613 /* Model */ = {
			isa = PBXGroup;
			children = (
				3FB23A481AF3183A00B62613 /* HBContact.h */,
				3FB23A491AF3183A00B62613 /* HBContact.m */,
			);
			name = Model;
			sourceTree = "<group>";
		};
		3FB23A4B1AF3184900B62613 /* Other */ = {
			isa = PBXGroup;
			children = (
				3F8F14A71AF202180082D643 /* AppDelegate.h */,
				3F8F14A81AF202180082D643 /* AppDelegate.m */,
				3F8F14B01AF202180082D643 /* Images.xcassets */,
				3F8F14B21AF202180082D643 /* LaunchScreen.xib */,
			);
			name = Other;
			sourceTree = "<group>";
		};
		3FB23A4C1AF3A1A100B62613 /* View */ = {
			isa = PBXGroup;
			children = (
				3FB23A4D1AF3A1CA00B62613 /* HBContactCell.h */,
				3FB23A4E1AF3A1CA00B62613 /* HBContactCell.m */,
			);
			name = View;
			sourceTree = "<group>";
		};
/* End PBXGroup section */

/* Begin PBXNativeTarget section */
		3F8F149F1AF202180082D643 /* 私人通讯录0430 */ = {
			isa = PBXNativeTarget;
			buildConfigurationList = 3F8F14C31AF202180082D643 /* Build configuration list for PBXNativeTarget "私人通讯录0430" */;
			buildPhases = (
				3F8F149C1AF202180082D643 /* Sources */,
				3F8F149D1AF202180082D643 /* Frameworks */,
				3F8F149E1AF202180082D643 /* Resources */,
			);
			buildRules = (
			);
			dependencies = (
			);
			name = "私人通讯录0430";
			productName = "私人通讯录0430";
			productReference = 3F8F14A01AF202180082D643 /* 私人通讯录0430.app */;
			productType = "com.apple.product-type.application";
		};
		3F8F14B81AF202180082D643 /* 私人通讯录0430Tests */ = {
			isa = PBXNativeTarget;
			buildConfigurationList = 3F8F14C61AF202180082D643 /* Build configuration list for PBXNativeTarget "私人通讯录0430Tests" */;
			buildPhases = (
				3F8F14B51AF202180082D643 /* Sources */,
				3F8F14B61AF202180082D643 /* Frameworks */,
				3F8F14B71AF202180082D643 /* Resources */,
			);
			buildRules = (
			);
			dependencies = (
				3F8F14BB1AF202180082D643 /* PBXTargetDependency */,
			);
			name = "私人通讯录0430Tests";
			productName = "私人通讯录0430Tests";
			productReference = 3F8F14B91AF202180082D643 /* 私人通讯录0430Tests.xctest */;
			productType = "com.apple.product-type.bundle.unit-test";
		};
/* End PBXNativeTarget section */

/* Begin PBXProject section */
		3F8F14981AF202180082D643 /* Project object */ = {
			isa = PBXProject;
			attributes = {
				LastUpgradeCheck = 0630;
				ORGANIZATIONNAME = HB;
				TargetAttributes = {
					3F8F149F1AF202180082D643 = {
						CreatedOnToolsVersion = 6.3.1;
					};
					3F8F14B81AF202180082D643 = {
						CreatedOnToolsVersion = 6.3.1;
						TestTargetID = 3F8F149F1AF202180082D643;
					};
				};
			};
			buildConfigurationList = 3F8F149B1AF202180082D643 /* Build configuration list for PBXProject "私人通讯录0430" */;
			compatibilityVersion = "Xcode 3.2";
			developmentRegion = English;
			hasScannedForEncodings = 0;
			knownRegions = (
				Base,
			);
			mainGroup = 3F8F14971AF202180082D643;
			productRefGroup = 3F8F14A11AF202180082D643 /* Products */;
			projectDirPath = "";
			projectRoot = "";
			targets = (
				3F8F149F1AF202180082D643 /* 私人通讯录0430 */,
				3F8F14B81AF202180082D643 /* 私人通讯录0430Tests */,
			);
		};
/* End PBXProject section */

/* Begin PBXResourcesBuildPhase section */
		3F8F149E1AF202180082D643 /* Resources */ = {
			isa = PBXResourcesBuildPhase;
			buildActionMask = 2147483647;
			files = (
				3F8F14AF1AF202180082D643 /* Main.storyboard in Resources */,
				3F8F14B41AF202180082D643 /* LaunchScreen.xib in Resources */,
				3F8F14E41AF25B620082D643 /* MBProgressHUD in Resources */,
				3F8F14DF1AF25B2D0082D643 /* MBProgressHUD.bundle in Resources */,
				3F8F14B11AF202180082D643 /* Images.xcassets in Resources */,
			);
			runOnlyForDeploymentPostprocessing = 0;
		};
		3F8F14B71AF202180082D643 /* Resources */ = {
			isa = PBXResourcesBuildPhase;
			buildActionMask = 2147483647;
			files = (
			);
			runOnlyForDeploymentPostprocessing = 0;
		};
/* End PBXResourcesBuildPhase section */

/* Begin PBXSourcesBuildPhase section */
		3F8F149C1AF202180082D643 /* Sources */ = {
			isa = PBXSourcesBuildPhase;
			buildActionMask = 2147483647;
			files = (
				3F8F14D51AF203DA0082D643 /* HBAddViewController.m in Sources */,
				3F8F14CB1AF202D00082D643 /* HBloginViewController.m in Sources */,
				3F8F14CF1AF203280082D643 /* HBContactsTableViewController.m in Sources */,
				3FB23A4A1AF3183A00B62613 /* HBContact.m in Sources */,
				3FB23A4F1AF3A1CA00B62613 /* HBContactCell.m in Sources */,
				3F8F14D21AF203B30082D643 /* HBEditViewController.m in Sources */,
				3F8F14E11AF25B2D0082D643 /* MBProgressHUD+MJ.m in Sources */,
				3F8F14A91AF202180082D643 /* AppDelegate.m in Sources */,
				3F8F14A61AF202180082D643 /* main.m in Sources */,
				3F8F14E01AF25B2D0082D643 /* MBProgressHUD.m in Sources */,
			);
			runOnlyForDeploymentPostprocessing = 0;
		};
		3F8F14B51AF202180082D643 /* Sources */ = {
			isa = PBXSourcesBuildPhase;
			buildActionMask = 2147483647;
			files = (
				3F8F14C01AF202180082D643 /* _____0430Tests.m in Sources */,
			);
			runOnlyForDeploymentPostprocessing = 0;
		};
/* End PBXSourcesBuildPhase section */

/* Begin PBXTargetDependency section */
		3F8F14BB1AF202180082D643 /* PBXTargetDependency */ = {
			isa = PBXTargetDependency;
			target = 3F8F149F1AF202180082D643 /* 私人通讯录0430 */;
			targetProxy = 3F8F14BA1AF202180082D643 /* PBXContainerItemProxy */;
		};
/* End PBXTargetDependency section */

/* Begin PBXVariantGroup section */
		3F8F14AD1AF202180082D643 /* Main.storyboard */ = {
			isa = PBXVariantGroup;
			children = (
				3F8F14AE1AF202180082D643 /* Base */,
				3F895CC71AF88F5D00550AD4 /* zh-Hans */,
			);
			name = Main.storyboard;
			sourceTree = "<group>";
		};
		3F8F14B21AF202180082D643 /* LaunchScreen.xib */ = {
			isa = PBXVariantGroup;
			children = (
				3F8F14B31AF202180082D643 /* Base */,
				3F895CC81AF88F5D00550AD4 /* zh-Hans */,
			);
			name = LaunchScreen.xib;
			sourceTree = "<group>";
		};
/* End PBXVariantGroup section */

/* Begin XCBuildConfiguration section */
		3F8F14C11AF202180082D643 /* Debug */ = {
			isa = XCBuildConfiguration;
			buildSettings = {
				ALWAYS_SEARCH_USER_PATHS = NO;
				CLANG_CXX_LANGUAGE_STANDARD = "gnu++0x";
				CLANG_CXX_LIBRARY = "libc++";
				CLANG_ENABLE_MODULES = YES;
				CLANG_ENABLE_OBJC_ARC = YES;
				CLANG_WARN_BOOL_CONVERSION = YES;
				CLANG_WARN_CONSTANT_CONVERSION = YES;
				CLANG_WARN_DIRECT_OBJC_ISA_USAGE = YES_ERROR;
				CLANG_WARN_EMPTY_BODY = YES;
				CLANG_WARN_ENUM_CONVERSION = YES;
				CLANG_WARN_INT_CONVERSION = YES;
				CLANG_WARN_OBJC_ROOT_CLASS = YES_ERROR;
				CLANG_WARN_UNREACHABLE_CODE = YES;
				CLANG_WARN__DUPLICATE_METHOD_MATCH = YES;
				"CODE_SIGN_IDENTITY[sdk=iphoneos*]" = "iPhone Developer";
				COPY_PHASE_STRIP = NO;
				DEBUG_INFORMATION_FORMAT = "dwarf-with-dsym";
				ENABLE_STRICT_OBJC_MSGSEND = YES;
				GCC_C_LANGUAGE_STANDARD = gnu99;
				GCC_DYNAMIC_NO_PIC = NO;
				GCC_NO_COMMON_BLOCKS = YES;
				GCC_OPTIMIZATION_LEVEL = 0;
				GCC_PREPROCESSOR_DEFINITIONS = (
					"DEBUG=1",
					"$(inherited)",
				);
				GCC_SYMBOLS_PRIVATE_EXTERN = NO;
				GCC_WARN_64_TO_32_BIT_CONVERSION = YES;
				GCC_WARN_ABOUT_RETURN_TYPE = YES_ERROR;
				GCC_WARN_UNDECLARED_SELECTOR = YES;
				GCC_WARN_UNINITIALIZED_AUTOS = YES_AGGRESSIVE;
				GCC_WARN_UNUSED_FUNCTION = YES;
				GCC_WARN_UNUSED_VARIABLE = YES;
				IPHONEOS_DEPLOYMENT_TARGET = 8.3;
				MTL_ENABLE_DEBUG_INFO = YES;
				ONLY_ACTIVE_ARCH = YES;
				SDKROOT = iphoneos;
			};
			name = Debug;
		};
		3F8F14C21AF202180082D643 /* Release */ = {
			isa = XCBuildConfiguration;
			buildSettings = {
				ALWAYS_SEARCH_USER_PATHS = NO;
				CLANG_CXX_LANGUAGE_STANDARD = "gnu++0x";
				CLANG_CXX_LIBRARY = "libc++";
				CLANG_ENABLE_MODULES = YES;
				CLANG_ENABLE_OBJC_ARC = YES;
				CLANG_WARN_BOOL_CONVERSION = YES;
				CLANG_WARN_CONSTANT_CONVERSION = YES;
				CLANG_WARN_DIRECT_OBJC_ISA_USAGE = YES_ERROR;
				CLANG_WARN_EMPTY_BODY = YES;
				CLANG_WARN_ENUM_CONVERSION = YES;
				CLANG_WARN_INT_CONVERSION = YES;
				CLANG_WARN_OBJC_ROOT_CLASS = YES_ERROR;
				CLANG_WARN_UNREACHABLE_CODE = YES;
				CLANG_WARN__DUPLICATE_METHOD_MATCH = YES;
				"CODE_SIGN_IDENTITY[sdk=iphoneos*]" = "iPhone Developer";
				COPY_PHASE_STRIP = NO;
				DEBUG_INFORMATION_FORMAT = "dwarf-with-dsym";
				ENABLE_NS_ASSERTIONS = NO;
				ENABLE_STRICT_OBJC_MSGSEND = YES;
				GCC_C_LANGUAGE_STANDARD = gnu99;
				GCC_NO_COMMON_BLOCKS = YES;
				GCC_WARN_64_TO_32_BIT_CONVERSION = YES;
				GCC_WARN_ABOUT_RETURN_TYPE = YES_ERROR;
				GCC_WARN_UNDECLARED_SELECTOR = YES;
				GCC_WARN_UNINITIALIZED_AUTOS = YES_AGGRESSIVE;
				GCC_WARN_UNUSED_FUNCTION = YES;
				GCC_WARN_UNUSED_VARIABLE = YES;
				IPHONEOS_DEPLOYMENT_TARGET = 8.3;
				MTL_ENABLE_DEBUG_INFO = NO;
				SDKROOT = iphoneos;
				VALIDATE_PRODUCT = YES;
			};
			name = Release;
		};
		3F8F14C41AF202180082D643 /* Debug */ = {
			isa = XCBuildConfiguration;
			buildSettings = {
				ASSETCATALOG_COMPILER_APPICON_NAME = AppIcon;
				INFOPLIST_FILE = "私人通讯录0430/Info.plist";
				LD_RUNPATH_SEARCH_PATHS = "$(inherited) @executable_path/Frameworks";
				PRODUCT_NAME = "$(TARGET_NAME)";
			};
			name = Debug;
		};
		3F8F14C51AF202180082D643 /* Release */ = {
			isa = XCBuildConfiguration;
			buildSettings = {
				ASSETCATALOG_COMPILER_APPICON_NAME = AppIcon;
				INFOPLIST_FILE = "私人通讯录0430/Info.plist";
				LD_RUNPATH_SEARCH_PATHS = "$(inherited) @executable_path/Frameworks";
				PRODUCT_NAME = "$(TARGET_NAME)";
			};
			name = Release;
		};
		3F8F14C71AF202180082D643 /* Debug */ = {
			isa = XCBuildConfiguration;
			buildSettings = {
				BUNDLE_LOADER = "$(TEST_HOST)";
				FRAMEWORK_SEARCH_PATHS = (
					"$(SDKROOT)/Developer/Library/Frameworks",
					"$(inherited)",
				);
				GCC_PREPROCESSOR_DEFINITIONS = (
					"DEBUG=1",
					"$(inherited)",
				);
				INFOPLIST_FILE = "私人通讯录0430Tests/Info.plist";
				LD_RUNPATH_SEARCH_PATHS = "$(inherited) @executable_path/Frameworks @loader_path/Frameworks";
				PRODUCT_NAME = "$(TARGET_NAME)";
				TEST_HOST = "$(BUILT_PRODUCTS_DIR)/私人通讯录0430.app/私人通讯录0430";
			};
			name = Debug;
		};
		3F8F14C81AF202180082D643 /* Release */ = {
			isa = XCBuildConfiguration;
			buildSettings = {
				BUNDLE_LOADER = "$(TEST_HOST)";
				FRAMEWORK_SEARCH_PATHS = (
					"$(SDKROOT)/Developer/Library/Frameworks",
					"$(inherited)",
				);
				INFOPLIST_FILE = "私人通讯录0430Tests/Info.plist";
				LD_RUNPATH_SEARCH_PATHS = "$(inherited) @executable_path/Frameworks @loader_path/Frameworks";
				PRODUCT_NAME = "$(TARGET_NAME)";
				TEST_HOST = "$(BUILT_PRODUCTS_DIR)/私人通讯录0430.app/私人通讯录0430";
			};
			name = Release;
		};
/* End XCBuildConfiguration section */

/* Begin XCConfigurationList section */
		3F8F149B1AF202180082D643 /* Build configuration list for PBXProject "私人通讯录0430" */ = {
			isa = XCConfigurationList;
			buildConfigurations = (
				3F8F14C11AF202180082D643 /* Debug */,
				3F8F14C21AF202180082D643 /* Release */,
			);
			defaultConfigurationIsVisible = 0;
			defaultConfigurationName = Release;
		};
		3F8F14C31AF202180082D643 /* Build configuration list for PBXNativeTarget "私人通讯录0430" */ = {
			isa = XCConfigurationList;
			buildConfigurations = (
				3F8F14C41AF202180082D643 /* Debug */,
				3F8F14C51AF202180082D643 /* Release */,
			);
			defaultConfigurationIsVisible = 0;
			defaultConfigurationName = Release;
		};
		3F8F14C61AF202180082D643 /* Build configuration list for PBXNativeTarget "私人通讯录0430Tests" */ = {
			isa = XCConfigurationList;
			buildConfigurations = (
				3F8F14C71AF202180082D643 /* Debug */,
				3F8F14C81AF202180082D643 /* Release */,
			);
			defaultConfigurationIsVisible = 0;
			defaultConfigurationName = Release;
		};
/* End XCConfigurationList section */
	};
	rootObject = 3F8F14981AF202180082D643 /* Project object */;
}
